
Microsoft Visual Studio Solution File, Format Version 12.00
# Visual Studio Version 17
VisualStudioVersion = 17.5.33530.505
MinimumVisualStudioVersion = 10.0.40219.1
Project("{FAE04EC0-301F-11D3-BF4B-00C04F79EFBC}") = "SchedularCalendar", "SchedularCalendar\SchedularCalendar.csproj", "{3A5678E2-8F96-40B0-8796-15E161475C51}"
EndProject
Global
	GlobalSection(SolutionConfigurationPlatforms) = preSolution
		Debug|Any CPU = Debug|Any CPU
		Release|Any CPU = Release|Any CPU
	EndGlobalSection
	GlobalSection(ProjectConfigurationPlatforms) = postSolution
		{3A5678E2-8F96-40B0-8796-15E161475C51}.Debug|Any CPU.ActiveCfg = Debug|Any CPU
		{3A5678E2-8F96-40B0-8796-15E161475C51}.Debug|Any CPU.Build.0 = Debug|Any CPU
		{3A5678E2-8F96-40B0-8796-15E161475C51}.Release|Any CPU.ActiveCfg = Release|Any CPU
		{3A5678E2-8F96-40B0-8796-15E161475C51}.Release|Any CPU.Build.0 = Release|Any CPU
	EndGlobalSection
	GlobalSection(SolutionProperties) = preSolution
		HideSolutionNode = FALSE
	EndGlobalSection
	GlobalSection(ExtensibilityGlobals) = postSolution
		SolutionGuid = {BF1FB07E-EC9E-497D-A046-56EBA40E2CA4}
	EndGlobalSection
EndGlobal
